
Microsoft Visual Studio Solution File, Format Version 12.00
# Visual Studio Version 17
VisualStudioVersion = 17.1.32210.238
MinimumVisualStudioVersion = 10.0.40219.1
Project("{9A19103F-16F7-4668-BE54-9A1E7A4F7556}") = "Sandbox", "Sandbox\Sandbox.csproj", "{D60EB6BB-3830-420A-9E74-1F3AAA3A677C}"
EndProject
Project("{9A19103F-16F7-4668-BE54-9A1E7A4F7556}") = "Codefix.Dataverse", "Codefix.Dataverse\Codefix.Dataverse.csproj", "{590EE7E6-1D77-4F98-89BC-AE7BB8F9A75D}"
EndProject
Global
	GlobalSection(SolutionConfigurationPlatforms) = preSolution
		Debug|Any CPU = Debug|Any CPU
		Release|Any CPU = Release|Any CPU
	EndGlobalSection
	GlobalSection(ProjectConfigurationPlatforms) = postSolution
		{D60EB6BB-3830-420A-9E74-1F3AAA3A677C}.Debug|Any CPU.ActiveCfg = Debug|Any CPU
		{D60EB6BB-3830-420A-9E74-1F3AAA3A677C}.Debug|Any CPU.Build.0 = Debug|Any CPU
		{D60EB6BB-3830-420A-9E74-1F3AAA3A677C}.Release|Any CPU.ActiveCfg = Release|Any CPU
		{D60EB6BB-3830-420A-9E74-1F3AAA3A677C}.Release|Any CPU.Build.0 = Release|Any CPU
		{590EE7E6-1D77-4F98-89BC-AE7BB8F9A75D}.Debug|Any CPU.ActiveCfg = Debug|Any CPU
		{590EE7E6-1D77-4F98-89BC-AE7BB8F9A75D}.Debug|Any CPU.Build.0 = Debug|Any CPU
		{590EE7E6-1D77-4F98-89BC-AE7BB8F9A75D}.Release|Any CPU.ActiveCfg = Release|Any CPU
		{590EE7E6-1D77-4F98-89BC-AE7BB8F9A75D}.Release|Any CPU.Build.0 = Release|Any CPU
	EndGlobalSection
	GlobalSection(SolutionProperties) = preSolution
		HideSolutionNode = FALSE
	EndGlobalSection
	GlobalSection(ExtensibilityGlobals) = postSolution
		SolutionGuid = {EBA4D652-83C8-449E-8A61-BDA97BA2CF50}
	EndGlobalSection
EndGlobal
